
Microsoft Visual Studio Solution File, Format Version 12.00
# Visual Studio Version 17
VisualStudioVersion = 17.3.32901.215
MinimumVisualStudioVersion = 10.0.40219.1
Project("{FAE04EC0-301F-11D3-BF4B-00C04F79EFBC}") = "P01.Rod_Cutting", "P01.Rod_Cutting\P01.Rod_Cutting.csproj", "{D181A849-33AF-4382-8774-DDC79EE9DA84}"
EndProject
Project("{FAE04EC0-301F-11D3-BF4B-00C04F79EFBC}") = "P02.0-1_Knapsack", "P02.0-1_Knapsack\P02.0-1_Knapsack.csproj", "{D900730A-B2DE-4DE6-8B08-C855BB395175}"
EndProject
Project("{FAE04EC0-301F-11D3-BF4B-00C04F79EFBC}") = "P03.Longest_Increasing_Subsequence", "P03.Longest_Increasing_Subsequence\P03.Longest_Increasing_Subsequence.csproj", "{670E43B3-3950-4619-9C02-348A1AEE426A}"
EndProject
Global
	GlobalSection(SolutionConfigurationPlatforms) = preSolution
		Debug|Any CPU = Debug|Any CPU
		Release|Any CPU = Release|Any CPU
	EndGlobalSection
	GlobalSection(ProjectConfigurationPlatforms) = postSolution
		{D181A849-33AF-4382-8774-DDC79EE9DA84}.Debug|Any CPU.ActiveCfg = Debug|Any CPU
		{D181A849-33AF-4382-8774-DDC79EE9DA84}.Debug|Any CPU.Build.0 = Debug|Any CPU
		{D181A849-33AF-4382-8774-DDC79EE9DA84}.Release|Any CPU.ActiveCfg = Release|Any CPU
		{D181A849-33AF-4382-8774-DDC79EE9DA84}.Release|Any CPU.Build.0 = Release|Any CPU
		{D900730A-B2DE-4DE6-8B08-C855BB395175}.Debug|Any CPU.ActiveCfg = Debug|Any CPU
		{D900730A-B2DE-4DE6-8B08-C855BB395175}.Debug|Any CPU.Build.0 = Debug|Any CPU
		{D900730A-B2DE-4DE6-8B08-C855BB395175}.Release|Any CPU.ActiveCfg = Release|Any CPU
		{D900730A-B2DE-4DE6-8B08-C855BB395175}.Release|Any CPU.Build.0 = Release|Any CPU
		{670E43B3-3950-4619-9C02-348A1AEE426A}.Debug|Any CPU.ActiveCfg = Debug|Any CPU
		{670E43B3-3950-4619-9C02-348A1AEE426A}.Debug|Any CPU.Build.0 = Debug|Any CPU
		{670E43B3-3950-4619-9C02-348A1AEE426A}.Release|Any CPU.ActiveCfg = Release|Any CPU
		{670E43B3-3950-4619-9C02-348A1AEE426A}.Release|Any CPU.Build.0 = Release|Any CPU
	EndGlobalSection
	GlobalSection(SolutionProperties) = preSolution
		HideSolutionNode = FALSE
	EndGlobalSection
	GlobalSection(ExtensibilityGlobals) = postSolution
		SolutionGuid = {9C965DB0-168B-4ED4-BE73-6848E0975760}
	EndGlobalSection
EndGlobal
