
Microsoft Visual Studio Solution File, Format Version 12.00
# Visual Studio Version 17
VisualStudioVersion = 17.3.32811.315
MinimumVisualStudioVersion = 10.0.40219.1
Project("{9A19103F-16F7-4668-BE54-9A1E7A4F7556}") = "P01.Most_Reliable_Path", "P01.Most_Reliable_Path\P01.Most_Reliable_Path.csproj", "{BC00C2B1-D180-41CC-9CE3-21CA458B94A4}"
EndProject
Project("{9A19103F-16F7-4668-BE54-9A1E7A4F7556}") = "P02.Cheap_Town_Tour", "P02.Cheap_Town_Tour\P02.Cheap_Town_Tour.csproj", "{AFC67F8A-241A-425D-A772-C76AFBE7535E}"
EndProject
Project("{9A19103F-16F7-4668-BE54-9A1E7A4F7556}") = "P03.Undefined", "P03.Undefined\P03.Undefined.csproj", "{596E463C-7E03-4BA0-B2F8-55F8229391BD}"
EndProject
Global
	GlobalSection(SolutionConfigurationPlatforms) = preSolution
		Debug|Any CPU = Debug|Any CPU
		Release|Any CPU = Release|Any CPU
	EndGlobalSection
	GlobalSection(ProjectConfigurationPlatforms) = postSolution
		{BC00C2B1-D180-41CC-9CE3-21CA458B94A4}.Debug|Any CPU.ActiveCfg = Debug|Any CPU
		{BC00C2B1-D180-41CC-9CE3-21CA458B94A4}.Debug|Any CPU.Build.0 = Debug|Any CPU
		{BC00C2B1-D180-41CC-9CE3-21CA458B94A4}.Release|Any CPU.ActiveCfg = Release|Any CPU
		{BC00C2B1-D180-41CC-9CE3-21CA458B94A4}.Release|Any CPU.Build.0 = Release|Any CPU
		{AFC67F8A-241A-425D-A772-C76AFBE7535E}.Debug|Any CPU.ActiveCfg = Debug|Any CPU
		{AFC67F8A-241A-425D-A772-C76AFBE7535E}.Debug|Any CPU.Build.0 = Debug|Any CPU
		{AFC67F8A-241A-425D-A772-C76AFBE7535E}.Release|Any CPU.ActiveCfg = Release|Any CPU
		{AFC67F8A-241A-425D-A772-C76AFBE7535E}.Release|Any CPU.Build.0 = Release|Any CPU
		{596E463C-7E03-4BA0-B2F8-55F8229391BD}.Debug|Any CPU.ActiveCfg = Debug|Any CPU
		{596E463C-7E03-4BA0-B2F8-55F8229391BD}.Debug|Any CPU.Build.0 = Debug|Any CPU
		{596E463C-7E03-4BA0-B2F8-55F8229391BD}.Release|Any CPU.ActiveCfg = Release|Any CPU
		{596E463C-7E03-4BA0-B2F8-55F8229391BD}.Release|Any CPU.Build.0 = Release|Any CPU
	EndGlobalSection
	GlobalSection(SolutionProperties) = preSolution
		HideSolutionNode = FALSE
	EndGlobalSection
	GlobalSection(ExtensibilityGlobals) = postSolution
		SolutionGuid = {9FB0F063-1916-4E97-8A53-7162C02064F7}
	EndGlobalSection
EndGlobal
