
Microsoft Visual Studio Solution File, Format Version 12.00
# Visual Studio Version 17
VisualStudioVersion = 17.2.32630.192
MinimumVisualStudioVersion = 10.0.40219.1
Project("{FAE04EC0-301F-11D3-BF4B-00C04F79EFBC}") = "P01.TBC", "P01.TBC\P01.TBC.csproj", "{59067D37-F8C8-42E8-8657-919C281FC115}"
EndProject
Project("{FAE04EC0-301F-11D3-BF4B-00C04F79EFBC}") = "P02.Socks", "P02.Socks\P02.Socks.csproj", "{4521FC88-D34D-40DC-A9A6-C27F01D16DD5}"
EndProject
Project("{FAE04EC0-301F-11D3-BF4B-00C04F79EFBC}") = "P03.Path_Finder", "P03.Path_Finder\P03.Path_Finder.csproj", "{F0605F22-6502-41A0-A42D-484B0126B323}"
EndProject
Global
	GlobalSection(SolutionConfigurationPlatforms) = preSolution
		Debug|Any CPU = Debug|Any CPU
		Release|Any CPU = Release|Any CPU
	EndGlobalSection
	GlobalSection(ProjectConfigurationPlatforms) = postSolution
		{59067D37-F8C8-42E8-8657-919C281FC115}.Debug|Any CPU.ActiveCfg = Debug|Any CPU
		{59067D37-F8C8-42E8-8657-919C281FC115}.Debug|Any CPU.Build.0 = Debug|Any CPU
		{59067D37-F8C8-42E8-8657-919C281FC115}.Release|Any CPU.ActiveCfg = Release|Any CPU
		{59067D37-F8C8-42E8-8657-919C281FC115}.Release|Any CPU.Build.0 = Release|Any CPU
		{4521FC88-D34D-40DC-A9A6-C27F01D16DD5}.Debug|Any CPU.ActiveCfg = Debug|Any CPU
		{4521FC88-D34D-40DC-A9A6-C27F01D16DD5}.Debug|Any CPU.Build.0 = Debug|Any CPU
		{4521FC88-D34D-40DC-A9A6-C27F01D16DD5}.Release|Any CPU.ActiveCfg = Release|Any CPU
		{4521FC88-D34D-40DC-A9A6-C27F01D16DD5}.Release|Any CPU.Build.0 = Release|Any CPU
		{F0605F22-6502-41A0-A42D-484B0126B323}.Debug|Any CPU.ActiveCfg = Debug|Any CPU
		{F0605F22-6502-41A0-A42D-484B0126B323}.Debug|Any CPU.Build.0 = Debug|Any CPU
		{F0605F22-6502-41A0-A42D-484B0126B323}.Release|Any CPU.ActiveCfg = Release|Any CPU
		{F0605F22-6502-41A0-A42D-484B0126B323}.Release|Any CPU.Build.0 = Release|Any CPU
	EndGlobalSection
	GlobalSection(SolutionProperties) = preSolution
		HideSolutionNode = FALSE
	EndGlobalSection
	GlobalSection(ExtensibilityGlobals) = postSolution
		SolutionGuid = {5E3BA312-29A8-4042-821E-DF8B14FDDE94}
	EndGlobalSection
EndGlobal
