
Microsoft Visual Studio Solution File, Format Version 12.00
# Visual Studio Version 17
VisualStudioVersion = 17.2.32602.215
MinimumVisualStudioVersion = 10.0.40219.1
Project("{9A19103F-16F7-4668-BE54-9A1E7A4F7556}") = "P01.Binary_Search", "P01.Binary_Search\P01.Binary_Search.csproj", "{5E13716B-F922-4EC5-A5B7-F78E0F5695B8}"
EndProject
Project("{FAE04EC0-301F-11D3-BF4B-00C04F79EFBC}") = "P02.Selection_Sort", "P02.Selection_Sort\P02.Selection_Sort.csproj", "{25479A33-441C-4751-BEE9-499F27D71DA5}"
EndProject
Project("{FAE04EC0-301F-11D3-BF4B-00C04F79EFBC}") = "P03.BubbleSort", "P03.BubbleSort\P03.BubbleSort.csproj", "{BA8B98B8-056D-4C98-962F-901ABEC69D4E}"
EndProject
Project("{FAE04EC0-301F-11D3-BF4B-00C04F79EFBC}") = "P04.Insertion_Sort", "P04.Insertion_Sort\P04.Insertion_Sort.csproj", "{8EF56338-0C9B-459F-815A-9F86BB89BC69}"
EndProject
Project("{FAE04EC0-301F-11D3-BF4B-00C04F79EFBC}") = "P05.Quicksort", "P05.Quicksort\P05.Quicksort.csproj", "{F6BF6041-16F6-40D0-816B-62B505C2F830}"
EndProject
Project("{FAE04EC0-301F-11D3-BF4B-00C04F79EFBC}") = "P06.Merge_Sort", "P06.Merge_Sort\P06.Merge_Sort.csproj", "{17AD2D86-88FD-4FF3-995E-909E82CE7700}"
EndProject
Project("{FAE04EC0-301F-11D3-BF4B-00C04F79EFBC}") = "P07.Sum_of_Coins", "P07.Sum_of_Coins\P07.Sum_of_Coins.csproj", "{52B69435-1FA1-45A1-96DD-F3D2B99B2CEE}"
EndProject
Project("{FAE04EC0-301F-11D3-BF4B-00C04F79EFBC}") = "P08.Set_Cover", "P08.Set_Cover\P08.Set_Cover.csproj", "{E44F28E5-1C45-41B5-B6FB-43A371FA29BE}"
EndProject
Global
	GlobalSection(SolutionConfigurationPlatforms) = preSolution
		Debug|Any CPU = Debug|Any CPU
		Release|Any CPU = Release|Any CPU
	EndGlobalSection
	GlobalSection(ProjectConfigurationPlatforms) = postSolution
		{5E13716B-F922-4EC5-A5B7-F78E0F5695B8}.Debug|Any CPU.ActiveCfg = Debug|Any CPU
		{5E13716B-F922-4EC5-A5B7-F78E0F5695B8}.Debug|Any CPU.Build.0 = Debug|Any CPU
		{5E13716B-F922-4EC5-A5B7-F78E0F5695B8}.Release|Any CPU.ActiveCfg = Release|Any CPU
		{5E13716B-F922-4EC5-A5B7-F78E0F5695B8}.Release|Any CPU.Build.0 = Release|Any CPU
		{25479A33-441C-4751-BEE9-499F27D71DA5}.Debug|Any CPU.ActiveCfg = Debug|Any CPU
		{25479A33-441C-4751-BEE9-499F27D71DA5}.Debug|Any CPU.Build.0 = Debug|Any CPU
		{25479A33-441C-4751-BEE9-499F27D71DA5}.Release|Any CPU.ActiveCfg = Release|Any CPU
		{25479A33-441C-4751-BEE9-499F27D71DA5}.Release|Any CPU.Build.0 = Release|Any CPU
		{BA8B98B8-056D-4C98-962F-901ABEC69D4E}.Debug|Any CPU.ActiveCfg = Debug|Any CPU
		{BA8B98B8-056D-4C98-962F-901ABEC69D4E}.Debug|Any CPU.Build.0 = Debug|Any CPU
		{BA8B98B8-056D-4C98-962F-901ABEC69D4E}.Release|Any CPU.ActiveCfg = Release|Any CPU
		{BA8B98B8-056D-4C98-962F-901ABEC69D4E}.Release|Any CPU.Build.0 = Release|Any CPU
		{8EF56338-0C9B-459F-815A-9F86BB89BC69}.Debug|Any CPU.ActiveCfg = Debug|Any CPU
		{8EF56338-0C9B-459F-815A-9F86BB89BC69}.Debug|Any CPU.Build.0 = Debug|Any CPU
		{8EF56338-0C9B-459F-815A-9F86BB89BC69}.Release|Any CPU.ActiveCfg = Release|Any CPU
		{8EF56338-0C9B-459F-815A-9F86BB89BC69}.Release|Any CPU.Build.0 = Release|Any CPU
		{F6BF6041-16F6-40D0-816B-62B505C2F830}.Debug|Any CPU.ActiveCfg = Debug|Any CPU
		{F6BF6041-16F6-40D0-816B-62B505C2F830}.Debug|Any CPU.Build.0 = Debug|Any CPU
		{F6BF6041-16F6-40D0-816B-62B505C2F830}.Release|Any CPU.ActiveCfg = Release|Any CPU
		{F6BF6041-16F6-40D0-816B-62B505C2F830}.Release|Any CPU.Build.0 = Release|Any CPU
		{17AD2D86-88FD-4FF3-995E-909E82CE7700}.Debug|Any CPU.ActiveCfg = Debug|Any CPU
		{17AD2D86-88FD-4FF3-995E-909E82CE7700}.Debug|Any CPU.Build.0 = Debug|Any CPU
		{17AD2D86-88FD-4FF3-995E-909E82CE7700}.Release|Any CPU.ActiveCfg = Release|Any CPU
		{17AD2D86-88FD-4FF3-995E-909E82CE7700}.Release|Any CPU.Build.0 = Release|Any CPU
		{52B69435-1FA1-45A1-96DD-F3D2B99B2CEE}.Debug|Any CPU.ActiveCfg = Debug|Any CPU
		{52B69435-1FA1-45A1-96DD-F3D2B99B2CEE}.Debug|Any CPU.Build.0 = Debug|Any CPU
		{52B69435-1FA1-45A1-96DD-F3D2B99B2CEE}.Release|Any CPU.ActiveCfg = Release|Any CPU
		{52B69435-1FA1-45A1-96DD-F3D2B99B2CEE}.Release|Any CPU.Build.0 = Release|Any CPU
		{E44F28E5-1C45-41B5-B6FB-43A371FA29BE}.Debug|Any CPU.ActiveCfg = Debug|Any CPU
		{E44F28E5-1C45-41B5-B6FB-43A371FA29BE}.Debug|Any CPU.Build.0 = Debug|Any CPU
		{E44F28E5-1C45-41B5-B6FB-43A371FA29BE}.Release|Any CPU.ActiveCfg = Release|Any CPU
		{E44F28E5-1C45-41B5-B6FB-43A371FA29BE}.Release|Any CPU.Build.0 = Release|Any CPU
	EndGlobalSection
	GlobalSection(SolutionProperties) = preSolution
		HideSolutionNode = FALSE
	EndGlobalSection
	GlobalSection(ExtensibilityGlobals) = postSolution
		SolutionGuid = {58B2DF54-CBA1-4CCD-B0EC-4789272AAD38}
	EndGlobalSection
EndGlobal
