
Microsoft Visual Studio Solution File, Format Version 12.00
# Visual Studio Version 17
VisualStudioVersion = 17.2.32602.215
MinimumVisualStudioVersion = 10.0.40219.1
Project("{FAE04EC0-301F-11D3-BF4B-00C04F79EFBC}") = "P01.Reverse_Array", "P01.Reverse_Array\P01.Reverse_Array.csproj", "{1C98DB7C-3048-4A14-B9BB-A835F7E50126}"
EndProject
Global
	GlobalSection(SolutionConfigurationPlatforms) = preSolution
		Debug|Any CPU = Debug|Any CPU
		Release|Any CPU = Release|Any CPU
	EndGlobalSection
	GlobalSection(ProjectConfigurationPlatforms) = postSolution
		{1C98DB7C-3048-4A14-B9BB-A835F7E50126}.Debug|Any CPU.ActiveCfg = Debug|Any CPU
		{1C98DB7C-3048-4A14-B9BB-A835F7E50126}.Debug|Any CPU.Build.0 = Debug|Any CPU
		{1C98DB7C-3048-4A14-B9BB-A835F7E50126}.Release|Any CPU.ActiveCfg = Release|Any CPU
		{1C98DB7C-3048-4A14-B9BB-A835F7E50126}.Release|Any CPU.Build.0 = Release|Any CPU
	EndGlobalSection
	GlobalSection(SolutionProperties) = preSolution
		HideSolutionNode = FALSE
	EndGlobalSection
	GlobalSection(ExtensibilityGlobals) = postSolution
		SolutionGuid = {11429A70-5097-450E-AC3D-C11E30B22B53}
	EndGlobalSection
EndGlobal
