
Microsoft Visual Studio Solution File, Format Version 12.00
# Visual Studio Version 17
VisualStudioVersion = 17.2.32630.192
MinimumVisualStudioVersion = 10.0.40219.1
Project("{FAE04EC0-301F-11D3-BF4B-00C04F79EFBC}") = "P01.Trains", "P01.Trains\P01.Trains.csproj", "{D3D260B7-E26C-4D82-AC92-511019D68F59}"
EndProject
Project("{FAE04EC0-301F-11D3-BF4B-00C04F79EFBC}") = "P02.Conditional_Expression_Resolver", "P02.Conditional_Expression_Resolver\P02.Conditional_Expression_Resolver.csproj", "{C7C1698C-7F90-401B-B427-C075F6AE38B2}"
EndProject
Project("{FAE04EC0-301F-11D3-BF4B-00C04F79EFBC}") = "P03.Guards", "P03.Guards\P03.Guards.csproj", "{3391E541-A991-447E-A23B-E0A36AA60004}"
EndProject
Global
	GlobalSection(SolutionConfigurationPlatforms) = preSolution
		Debug|Any CPU = Debug|Any CPU
		Release|Any CPU = Release|Any CPU
	EndGlobalSection
	GlobalSection(ProjectConfigurationPlatforms) = postSolution
		{D3D260B7-E26C-4D82-AC92-511019D68F59}.Debug|Any CPU.ActiveCfg = Debug|Any CPU
		{D3D260B7-E26C-4D82-AC92-511019D68F59}.Debug|Any CPU.Build.0 = Debug|Any CPU
		{D3D260B7-E26C-4D82-AC92-511019D68F59}.Release|Any CPU.ActiveCfg = Release|Any CPU
		{D3D260B7-E26C-4D82-AC92-511019D68F59}.Release|Any CPU.Build.0 = Release|Any CPU
		{C7C1698C-7F90-401B-B427-C075F6AE38B2}.Debug|Any CPU.ActiveCfg = Debug|Any CPU
		{C7C1698C-7F90-401B-B427-C075F6AE38B2}.Debug|Any CPU.Build.0 = Debug|Any CPU
		{C7C1698C-7F90-401B-B427-C075F6AE38B2}.Release|Any CPU.ActiveCfg = Release|Any CPU
		{C7C1698C-7F90-401B-B427-C075F6AE38B2}.Release|Any CPU.Build.0 = Release|Any CPU
		{3391E541-A991-447E-A23B-E0A36AA60004}.Debug|Any CPU.ActiveCfg = Debug|Any CPU
		{3391E541-A991-447E-A23B-E0A36AA60004}.Debug|Any CPU.Build.0 = Debug|Any CPU
		{3391E541-A991-447E-A23B-E0A36AA60004}.Release|Any CPU.ActiveCfg = Release|Any CPU
		{3391E541-A991-447E-A23B-E0A36AA60004}.Release|Any CPU.Build.0 = Release|Any CPU
	EndGlobalSection
	GlobalSection(SolutionProperties) = preSolution
		HideSolutionNode = FALSE
	EndGlobalSection
	GlobalSection(ExtensibilityGlobals) = postSolution
		SolutionGuid = {FB535D78-D509-49C4-AB5F-74112448580E}
	EndGlobalSection
EndGlobal
