
Microsoft Visual Studio Solution File, Format Version 12.00
# Visual Studio Version 17
VisualStudioVersion = 17.3.32901.215
MinimumVisualStudioVersion = 10.0.40219.1
Project("{FAE04EC0-301F-11D3-BF4B-00C04F79EFBC}") = "P01.Cable_Merchant", "P01.Cable_Merchant\P01.Cable_Merchant.csproj", "{5676A829-3D1B-4310-9293-D192F3076135}"
EndProject
Project("{FAE04EC0-301F-11D3-BF4B-00C04F79EFBC}") = "P02.Battle_Points", "P02.Battle_Points\P02.Battle_Points.csproj", "{936FE2CF-3005-48E0-8713-4328788B0D69}"
EndProject
Project("{FAE04EC0-301F-11D3-BF4B-00C04F79EFBC}") = "P03.Longest_String_Chain", "P03.Longest_String_Chain\P03.Longest_String_Chain.csproj", "{96570482-ACD5-4486-B28E-923212CBDEAF}"
EndProject
Project("{FAE04EC0-301F-11D3-BF4B-00C04F79EFBC}") = "P04.Longest_Zigzag_Subsequence", "P04.Longest_Zigzag_Subsequence\P04.Longest_Zigzag_Subsequence.csproj", "{9DAEE8DA-818A-4AB5-ABC6-31137B5032FB}"
EndProject
Global
	GlobalSection(SolutionConfigurationPlatforms) = preSolution
		Debug|Any CPU = Debug|Any CPU
		Release|Any CPU = Release|Any CPU
	EndGlobalSection
	GlobalSection(ProjectConfigurationPlatforms) = postSolution
		{5676A829-3D1B-4310-9293-D192F3076135}.Debug|Any CPU.ActiveCfg = Debug|Any CPU
		{5676A829-3D1B-4310-9293-D192F3076135}.Debug|Any CPU.Build.0 = Debug|Any CPU
		{5676A829-3D1B-4310-9293-D192F3076135}.Release|Any CPU.ActiveCfg = Release|Any CPU
		{5676A829-3D1B-4310-9293-D192F3076135}.Release|Any CPU.Build.0 = Release|Any CPU
		{936FE2CF-3005-48E0-8713-4328788B0D69}.Debug|Any CPU.ActiveCfg = Debug|Any CPU
		{936FE2CF-3005-48E0-8713-4328788B0D69}.Debug|Any CPU.Build.0 = Debug|Any CPU
		{936FE2CF-3005-48E0-8713-4328788B0D69}.Release|Any CPU.ActiveCfg = Release|Any CPU
		{936FE2CF-3005-48E0-8713-4328788B0D69}.Release|Any CPU.Build.0 = Release|Any CPU
		{96570482-ACD5-4486-B28E-923212CBDEAF}.Debug|Any CPU.ActiveCfg = Debug|Any CPU
		{96570482-ACD5-4486-B28E-923212CBDEAF}.Debug|Any CPU.Build.0 = Debug|Any CPU
		{96570482-ACD5-4486-B28E-923212CBDEAF}.Release|Any CPU.ActiveCfg = Release|Any CPU
		{96570482-ACD5-4486-B28E-923212CBDEAF}.Release|Any CPU.Build.0 = Release|Any CPU
		{9DAEE8DA-818A-4AB5-ABC6-31137B5032FB}.Debug|Any CPU.ActiveCfg = Debug|Any CPU
		{9DAEE8DA-818A-4AB5-ABC6-31137B5032FB}.Debug|Any CPU.Build.0 = Debug|Any CPU
		{9DAEE8DA-818A-4AB5-ABC6-31137B5032FB}.Release|Any CPU.ActiveCfg = Release|Any CPU
		{9DAEE8DA-818A-4AB5-ABC6-31137B5032FB}.Release|Any CPU.Build.0 = Release|Any CPU
	EndGlobalSection
	GlobalSection(SolutionProperties) = preSolution
		HideSolutionNode = FALSE
	EndGlobalSection
	GlobalSection(ExtensibilityGlobals) = postSolution
		SolutionGuid = {45ED4ACC-4147-4F04-92DB-F36D8D2998C7}
	EndGlobalSection
EndGlobal
