
Microsoft Visual Studio Solution File, Format Version 12.00
# Visual Studio Version 17
VisualStudioVersion = 17.3.32811.315
MinimumVisualStudioVersion = 10.0.40219.1
Project("{9A19103F-16F7-4668-BE54-9A1E7A4F7556}") = "P01.Dijkstra's_Algorithm", "P01.Dijkstra's_Algorithm\P01.Dijkstra's_Algorithm.csproj", "{AF5263AC-6CF9-4621-9658-6E7750B4DB56}"
EndProject
Project("{9A19103F-16F7-4668-BE54-9A1E7A4F7556}") = "P02.Kruskal_Algorithm", "P02.Kruskal_Algorithm\P02.Kruskal_Algorithm.csproj", "{79B635A1-5075-477F-82DA-BB29E42A738C}"
EndProject
Project("{FAE04EC0-301F-11D3-BF4B-00C04F79EFBC}") = "P03.Prim_Algorithm", "P03.Prim_Algorithm\P03.Prim_Algorithm.csproj", "{2941BF85-03C6-4211-99FC-F2A382BD604D}"
EndProject
Global
	GlobalSection(SolutionConfigurationPlatforms) = preSolution
		Debug|Any CPU = Debug|Any CPU
		Release|Any CPU = Release|Any CPU
	EndGlobalSection
	GlobalSection(ProjectConfigurationPlatforms) = postSolution
		{AF5263AC-6CF9-4621-9658-6E7750B4DB56}.Debug|Any CPU.ActiveCfg = Debug|Any CPU
		{AF5263AC-6CF9-4621-9658-6E7750B4DB56}.Debug|Any CPU.Build.0 = Debug|Any CPU
		{AF5263AC-6CF9-4621-9658-6E7750B4DB56}.Release|Any CPU.ActiveCfg = Release|Any CPU
		{AF5263AC-6CF9-4621-9658-6E7750B4DB56}.Release|Any CPU.Build.0 = Release|Any CPU
		{79B635A1-5075-477F-82DA-BB29E42A738C}.Debug|Any CPU.ActiveCfg = Debug|Any CPU
		{79B635A1-5075-477F-82DA-BB29E42A738C}.Debug|Any CPU.Build.0 = Debug|Any CPU
		{79B635A1-5075-477F-82DA-BB29E42A738C}.Release|Any CPU.ActiveCfg = Release|Any CPU
		{79B635A1-5075-477F-82DA-BB29E42A738C}.Release|Any CPU.Build.0 = Release|Any CPU
		{2941BF85-03C6-4211-99FC-F2A382BD604D}.Debug|Any CPU.ActiveCfg = Debug|Any CPU
		{2941BF85-03C6-4211-99FC-F2A382BD604D}.Debug|Any CPU.Build.0 = Debug|Any CPU
		{2941BF85-03C6-4211-99FC-F2A382BD604D}.Release|Any CPU.ActiveCfg = Release|Any CPU
		{2941BF85-03C6-4211-99FC-F2A382BD604D}.Release|Any CPU.Build.0 = Release|Any CPU
	EndGlobalSection
	GlobalSection(SolutionProperties) = preSolution
		HideSolutionNode = FALSE
	EndGlobalSection
	GlobalSection(ExtensibilityGlobals) = postSolution
		SolutionGuid = {AB126D37-B2BE-46AD-911D-20475FBF797D}
	EndGlobalSection
EndGlobal
