
Microsoft Visual Studio Solution File, Format Version 12.00
# Visual Studio Version 17
VisualStudioVersion = 17.3.32811.315
MinimumVisualStudioVersion = 10.0.40219.1
Project("{9A19103F-16F7-4668-BE54-9A1E7A4F7556}") = "P01.Strongly_Connected_Components", "P01.Strongly_Connected_Components\P01.Strongly_Connected_Components.csproj", "{83840E0E-E713-4C5C-BE02-7C5A38B29104}"
EndProject
Project("{9A19103F-16F7-4668-BE54-9A1E7A4F7556}") = "P02.Max_Flow", "P02.Max_Flow\P02.Max_Flow.csproj", "{C223A95F-EB8E-48B5-A1B0-7E2F50EF18A8}"
EndProject
Project("{9A19103F-16F7-4668-BE54-9A1E7A4F7556}") = "P03.Articulation_Points", "P03.Articulation_Points\P03.Articulation_Points.csproj", "{1B3D6995-85B6-49F0-86AE-7D1EA862146F}"
EndProject
Global
	GlobalSection(SolutionConfigurationPlatforms) = preSolution
		Debug|Any CPU = Debug|Any CPU
		Release|Any CPU = Release|Any CPU
	EndGlobalSection
	GlobalSection(ProjectConfigurationPlatforms) = postSolution
		{83840E0E-E713-4C5C-BE02-7C5A38B29104}.Debug|Any CPU.ActiveCfg = Debug|Any CPU
		{83840E0E-E713-4C5C-BE02-7C5A38B29104}.Debug|Any CPU.Build.0 = Debug|Any CPU
		{83840E0E-E713-4C5C-BE02-7C5A38B29104}.Release|Any CPU.ActiveCfg = Release|Any CPU
		{83840E0E-E713-4C5C-BE02-7C5A38B29104}.Release|Any CPU.Build.0 = Release|Any CPU
		{C223A95F-EB8E-48B5-A1B0-7E2F50EF18A8}.Debug|Any CPU.ActiveCfg = Debug|Any CPU
		{C223A95F-EB8E-48B5-A1B0-7E2F50EF18A8}.Debug|Any CPU.Build.0 = Debug|Any CPU
		{C223A95F-EB8E-48B5-A1B0-7E2F50EF18A8}.Release|Any CPU.ActiveCfg = Release|Any CPU
		{C223A95F-EB8E-48B5-A1B0-7E2F50EF18A8}.Release|Any CPU.Build.0 = Release|Any CPU
		{1B3D6995-85B6-49F0-86AE-7D1EA862146F}.Debug|Any CPU.ActiveCfg = Debug|Any CPU
		{1B3D6995-85B6-49F0-86AE-7D1EA862146F}.Debug|Any CPU.Build.0 = Debug|Any CPU
		{1B3D6995-85B6-49F0-86AE-7D1EA862146F}.Release|Any CPU.ActiveCfg = Release|Any CPU
		{1B3D6995-85B6-49F0-86AE-7D1EA862146F}.Release|Any CPU.Build.0 = Release|Any CPU
	EndGlobalSection
	GlobalSection(SolutionProperties) = preSolution
		HideSolutionNode = FALSE
	EndGlobalSection
	GlobalSection(ExtensibilityGlobals) = postSolution
		SolutionGuid = {5A17FB69-55C3-49FB-B88F-5511676E7AEA}
	EndGlobalSection
EndGlobal
