
Microsoft Visual Studio Solution File, Format Version 12.00
# Visual Studio Version 17
VisualStudioVersion = 17.2.32602.215
MinimumVisualStudioVersion = 10.0.40219.1
Project("{FAE04EC0-301F-11D3-BF4B-00C04F79EFBC}") = "P01.Fibonacci", "P01.Fibonacci\P01.Fibonacci.csproj", "{5B62FF88-12F1-4972-94AD-2D3B9AC61E80}"
EndProject
Project("{FAE04EC0-301F-11D3-BF4B-00C04F79EFBC}") = "Subset_Sum", "Subset_Sum\Subset_Sum.csproj", "{F2998CE6-66B0-41BC-86AE-D2E561445B60}"
EndProject
Project("{FAE04EC0-301F-11D3-BF4B-00C04F79EFBC}") = "Subset_Sum_With_Repetition", "Subset_Sum_With_Repetition\Subset_Sum_With_Repetition.csproj", "{2E595B3C-244A-4FF1-9F02-98205E7BAFAE}"
EndProject
Project("{FAE04EC0-301F-11D3-BF4B-00C04F79EFBC}") = "P02.Move_Down_Right", "P02.Move_Down_Right\P02.Move_Down_Right.csproj", "{9EC72B81-F7DB-4DAE-9AA1-3F77A460CB77}"
EndProject
Project("{9A19103F-16F7-4668-BE54-9A1E7A4F7556}") = "P03.Longest_Common_Subsequence", "P03.Longest_Common_Subsequence\P03.Longest_Common_Subsequence.csproj", "{94748F92-45E2-4ABB-97ED-BF51BC465DB6}"
EndProject
Global
	GlobalSection(SolutionConfigurationPlatforms) = preSolution
		Debug|Any CPU = Debug|Any CPU
		Release|Any CPU = Release|Any CPU
	EndGlobalSection
	GlobalSection(ProjectConfigurationPlatforms) = postSolution
		{5B62FF88-12F1-4972-94AD-2D3B9AC61E80}.Debug|Any CPU.ActiveCfg = Debug|Any CPU
		{5B62FF88-12F1-4972-94AD-2D3B9AC61E80}.Debug|Any CPU.Build.0 = Debug|Any CPU
		{5B62FF88-12F1-4972-94AD-2D3B9AC61E80}.Release|Any CPU.ActiveCfg = Release|Any CPU
		{5B62FF88-12F1-4972-94AD-2D3B9AC61E80}.Release|Any CPU.Build.0 = Release|Any CPU
		{F2998CE6-66B0-41BC-86AE-D2E561445B60}.Debug|Any CPU.ActiveCfg = Debug|Any CPU
		{F2998CE6-66B0-41BC-86AE-D2E561445B60}.Debug|Any CPU.Build.0 = Debug|Any CPU
		{F2998CE6-66B0-41BC-86AE-D2E561445B60}.Release|Any CPU.ActiveCfg = Release|Any CPU
		{F2998CE6-66B0-41BC-86AE-D2E561445B60}.Release|Any CPU.Build.0 = Release|Any CPU
		{2E595B3C-244A-4FF1-9F02-98205E7BAFAE}.Debug|Any CPU.ActiveCfg = Debug|Any CPU
		{2E595B3C-244A-4FF1-9F02-98205E7BAFAE}.Debug|Any CPU.Build.0 = Debug|Any CPU
		{2E595B3C-244A-4FF1-9F02-98205E7BAFAE}.Release|Any CPU.ActiveCfg = Release|Any CPU
		{2E595B3C-244A-4FF1-9F02-98205E7BAFAE}.Release|Any CPU.Build.0 = Release|Any CPU
		{9EC72B81-F7DB-4DAE-9AA1-3F77A460CB77}.Debug|Any CPU.ActiveCfg = Debug|Any CPU
		{9EC72B81-F7DB-4DAE-9AA1-3F77A460CB77}.Debug|Any CPU.Build.0 = Debug|Any CPU
		{9EC72B81-F7DB-4DAE-9AA1-3F77A460CB77}.Release|Any CPU.ActiveCfg = Release|Any CPU
		{9EC72B81-F7DB-4DAE-9AA1-3F77A460CB77}.Release|Any CPU.Build.0 = Release|Any CPU
		{94748F92-45E2-4ABB-97ED-BF51BC465DB6}.Debug|Any CPU.ActiveCfg = Debug|Any CPU
		{94748F92-45E2-4ABB-97ED-BF51BC465DB6}.Debug|Any CPU.Build.0 = Debug|Any CPU
		{94748F92-45E2-4ABB-97ED-BF51BC465DB6}.Release|Any CPU.ActiveCfg = Release|Any CPU
		{94748F92-45E2-4ABB-97ED-BF51BC465DB6}.Release|Any CPU.Build.0 = Release|Any CPU
	EndGlobalSection
	GlobalSection(SolutionProperties) = preSolution
		HideSolutionNode = FALSE
	EndGlobalSection
	GlobalSection(ExtensibilityGlobals) = postSolution
		SolutionGuid = {B1532BDE-F761-4EEE-9BA2-3418BADA2317}
	EndGlobalSection
EndGlobal
